
Microsoft Visual Studio Solution File, Format Version 12.00
# Visual Studio Version 17
VisualStudioVersion = 17.0.31903.59
MinimumVisualStudioVersion = 10.0.40219.1
Project("{2150E333-8FDC-42A3-9474-1A3956D46DE8}") = "src", "src", "{C6CA38AB-95ED-4D42-9D3E-AC796D208993}"
EndProject
Project("{FAE04EC0-301F-11D3-BF4B-00C04F79EFBC}") = "ConsoleApp", "src\ConsoleApp\ConsoleApp.csproj", "{FEE31964-2E53-4366-AB95-92485FDE6BF1}"
EndProject
Project("{FAE04EC0-301F-11D3-BF4B-00C04F79EFBC}") = "HostConsoleApp", "src\HostConsoleApp\HostConsoleApp.csproj", "{A5D7D47C-15B0-41FA-A57A-94F4F900396C}"
EndProject
Project("{FAE04EC0-301F-11D3-BF4B-00C04F79EFBC}") = "MinimalApi", "src\MinimalApi\MinimalApi.csproj", "{BAFDE549-5C1B-4890-B69A-E161EF2DA560}"
EndProject
Project("{FAE04EC0-301F-11D3-BF4B-00C04F79EFBC}") = "WithSerilog.ConsoleApp", "src\WithSerilog.ConsoleApp\WithSerilog.ConsoleApp.csproj", "{96E9743D-7FB7-4036-876E-D9B76D9DB03F}"
EndProject
Project("{FAE04EC0-301F-11D3-BF4B-00C04F79EFBC}") = "WithSerilog.MinimalApi", "src\WithSerilog.MinimalApi\WithSerilog.MinimalApi.csproj", "{15F9BC40-D128-431A-9D17-C46D04C39045}"
EndProject
Project("{FAE04EC0-301F-11D3-BF4B-00C04F79EFBC}") = "HighPerformance.ConsoleApp", "src\HighPerformance.ConsoleApp\HighPerformance.ConsoleApp.csproj", "{F797E743-1755-4158-89E5-4D4B2CF49637}"
EndProject
Global
	GlobalSection(SolutionConfigurationPlatforms) = preSolution
		Debug|Any CPU = Debug|Any CPU
		Release|Any CPU = Release|Any CPU
	EndGlobalSection
	GlobalSection(SolutionProperties) = preSolution
		HideSolutionNode = FALSE
	EndGlobalSection
	GlobalSection(ProjectConfigurationPlatforms) = postSolution
		{FEE31964-2E53-4366-AB95-92485FDE6BF1}.Debug|Any CPU.ActiveCfg = Debug|Any CPU
		{FEE31964-2E53-4366-AB95-92485FDE6BF1}.Debug|Any CPU.Build.0 = Debug|Any CPU
		{FEE31964-2E53-4366-AB95-92485FDE6BF1}.Release|Any CPU.ActiveCfg = Release|Any CPU
		{FEE31964-2E53-4366-AB95-92485FDE6BF1}.Release|Any CPU.Build.0 = Release|Any CPU
		{A5D7D47C-15B0-41FA-A57A-94F4F900396C}.Debug|Any CPU.ActiveCfg = Debug|Any CPU
		{A5D7D47C-15B0-41FA-A57A-94F4F900396C}.Debug|Any CPU.Build.0 = Debug|Any CPU
		{A5D7D47C-15B0-41FA-A57A-94F4F900396C}.Release|Any CPU.ActiveCfg = Release|Any CPU
		{A5D7D47C-15B0-41FA-A57A-94F4F900396C}.Release|Any CPU.Build.0 = Release|Any CPU
		{BAFDE549-5C1B-4890-B69A-E161EF2DA560}.Debug|Any CPU.ActiveCfg = Debug|Any CPU
		{BAFDE549-5C1B-4890-B69A-E161EF2DA560}.Debug|Any CPU.Build.0 = Debug|Any CPU
		{BAFDE549-5C1B-4890-B69A-E161EF2DA560}.Release|Any CPU.ActiveCfg = Release|Any CPU
		{BAFDE549-5C1B-4890-B69A-E161EF2DA560}.Release|Any CPU.Build.0 = Release|Any CPU
		{96E9743D-7FB7-4036-876E-D9B76D9DB03F}.Debug|Any CPU.ActiveCfg = Debug|Any CPU
		{96E9743D-7FB7-4036-876E-D9B76D9DB03F}.Debug|Any CPU.Build.0 = Debug|Any CPU
		{96E9743D-7FB7-4036-876E-D9B76D9DB03F}.Release|Any CPU.ActiveCfg = Release|Any CPU
		{96E9743D-7FB7-4036-876E-D9B76D9DB03F}.Release|Any CPU.Build.0 = Release|Any CPU
		{15F9BC40-D128-431A-9D17-C46D04C39045}.Debug|Any CPU.ActiveCfg = Debug|Any CPU
		{15F9BC40-D128-431A-9D17-C46D04C39045}.Debug|Any CPU.Build.0 = Debug|Any CPU
		{15F9BC40-D128-431A-9D17-C46D04C39045}.Release|Any CPU.ActiveCfg = Release|Any CPU
		{15F9BC40-D128-431A-9D17-C46D04C39045}.Release|Any CPU.Build.0 = Release|Any CPU
		{F797E743-1755-4158-89E5-4D4B2CF49637}.Debug|Any CPU.ActiveCfg = Debug|Any CPU
		{F797E743-1755-4158-89E5-4D4B2CF49637}.Debug|Any CPU.Build.0 = Debug|Any CPU
		{F797E743-1755-4158-89E5-4D4B2CF49637}.Release|Any CPU.ActiveCfg = Release|Any CPU
		{F797E743-1755-4158-89E5-4D4B2CF49637}.Release|Any CPU.Build.0 = Release|Any CPU
	EndGlobalSection
	GlobalSection(NestedProjects) = preSolution
		{FEE31964-2E53-4366-AB95-92485FDE6BF1} = {C6CA38AB-95ED-4D42-9D3E-AC796D208993}
		{A5D7D47C-15B0-41FA-A57A-94F4F900396C} = {C6CA38AB-95ED-4D42-9D3E-AC796D208993}
		{BAFDE549-5C1B-4890-B69A-E161EF2DA560} = {C6CA38AB-95ED-4D42-9D3E-AC796D208993}
		{96E9743D-7FB7-4036-876E-D9B76D9DB03F} = {C6CA38AB-95ED-4D42-9D3E-AC796D208993}
		{15F9BC40-D128-431A-9D17-C46D04C39045} = {C6CA38AB-95ED-4D42-9D3E-AC796D208993}
		{F797E743-1755-4158-89E5-4D4B2CF49637} = {C6CA38AB-95ED-4D42-9D3E-AC796D208993}
	EndGlobalSection
EndGlobal
