
Microsoft Visual Studio Solution File, Format Version 12.00
# Visual Studio Version 17
VisualStudioVersion = 17.0.31903.59
MinimumVisualStudioVersion = 10.0.40219.1
Project("{2150E333-8FDC-42A3-9474-1A3956D46DE8}") = "src", "src", "{C6CA38AB-95ED-4D42-9D3E-AC796D208993}"
EndProject
Project("{FAE04EC0-301F-11D3-BF4B-00C04F79EFBC}") = "ConsoleApp", "src\ConsoleApp\ConsoleApp.csproj", "{FEE31964-2E53-4366-AB95-92485FDE6BF1}"
EndProject
Project("{FAE04EC0-301F-11D3-BF4B-00C04F79EFBC}") = "HostConsoleApp", "src\HostConsoleApp\HostConsoleApp.csproj", "{A5D7D47C-15B0-41FA-A57A-94F4F900396C}"
EndProject
Project("{FAE04EC0-301F-11D3-BF4B-00C04F79EFBC}") = "MinimalApi", "src\MinimalApi\MinimalApi.csproj", "{BAFDE549-5C1B-4890-B69A-E161EF2DA560}"
EndProject
Global
	GlobalSection(SolutionConfigurationPlatforms) = preSolution
		Debug|Any CPU = Debug|Any CPU
		Release|Any CPU = Release|Any CPU
	EndGlobalSection
	GlobalSection(SolutionProperties) = preSolution
		HideSolutionNode = FALSE
	EndGlobalSection
	GlobalSection(ProjectConfigurationPlatforms) = postSolution
		{FEE31964-2E53-4366-AB95-92485FDE6BF1}.Debug|Any CPU.ActiveCfg = Debug|Any CPU
		{FEE31964-2E53-4366-AB95-92485FDE6BF1}.Debug|Any CPU.Build.0 = Debug|Any CPU
		{FEE31964-2E53-4366-AB95-92485FDE6BF1}.Release|Any CPU.ActiveCfg = Release|Any CPU
		{FEE31964-2E53-4366-AB95-92485FDE6BF1}.Release|Any CPU.Build.0 = Release|Any CPU
		{A5D7D47C-15B0-41FA-A57A-94F4F900396C}.Debug|Any CPU.ActiveCfg = Debug|Any CPU
		{A5D7D47C-15B0-41FA-A57A-94F4F900396C}.Debug|Any CPU.Build.0 = Debug|Any CPU
		{A5D7D47C-15B0-41FA-A57A-94F4F900396C}.Release|Any CPU.ActiveCfg = Release|Any CPU
		{A5D7D47C-15B0-41FA-A57A-94F4F900396C}.Release|Any CPU.Build.0 = Release|Any CPU
		{BAFDE549-5C1B-4890-B69A-E161EF2DA560}.Debug|Any CPU.ActiveCfg = Debug|Any CPU
		{BAFDE549-5C1B-4890-B69A-E161EF2DA560}.Debug|Any CPU.Build.0 = Debug|Any CPU
		{BAFDE549-5C1B-4890-B69A-E161EF2DA560}.Release|Any CPU.ActiveCfg = Release|Any CPU
		{BAFDE549-5C1B-4890-B69A-E161EF2DA560}.Release|Any CPU.Build.0 = Release|Any CPU
	EndGlobalSection
	GlobalSection(NestedProjects) = preSolution
		{FEE31964-2E53-4366-AB95-92485FDE6BF1} = {C6CA38AB-95ED-4D42-9D3E-AC796D208993}
		{A5D7D47C-15B0-41FA-A57A-94F4F900396C} = {C6CA38AB-95ED-4D42-9D3E-AC796D208993}
		{BAFDE549-5C1B-4890-B69A-E161EF2DA560} = {C6CA38AB-95ED-4D42-9D3E-AC796D208993}
	EndGlobalSection
EndGlobal
